
Microsoft Visual Studio Solution File, Format Version 12.00
# Visual Studio Version 17
VisualStudioVersion = 17.14.36212.18 d17.14
MinimumVisualStudioVersion = 10.0.40219.1
Project("{FAE04EC0-301F-11D3-BF4B-00C04F79EFBC}") = "Assignment-Session-4", "Assignment-Session-4\Assignment-Session-4.csproj", "{C1F13F65-6F85-400F-BE1A-169852FD593F}"
EndProject
Global
	GlobalSection(SolutionConfigurationPlatforms) = preSolution
		Debug|Any CPU = Debug|Any CPU
		Release|Any CPU = Release|Any CPU
	EndGlobalSection
	GlobalSection(ProjectConfigurationPlatforms) = postSolution
		{C1F13F65-6F85-400F-BE1A-169852FD593F}.Debug|Any CPU.ActiveCfg = Debug|Any CPU
		{C1F13F65-6F85-400F-BE1A-169852FD593F}.Debug|Any CPU.Build.0 = Debug|Any CPU
		{C1F13F65-6F85-400F-BE1A-169852FD593F}.Release|Any CPU.ActiveCfg = Release|Any CPU
		{C1F13F65-6F85-400F-BE1A-169852FD593F}.Release|Any CPU.Build.0 = Release|Any CPU
	EndGlobalSection
	GlobalSection(SolutionProperties) = preSolution
		HideSolutionNode = FALSE
	EndGlobalSection
	GlobalSection(ExtensibilityGlobals) = postSolution
		SolutionGuid = {6424158B-C498-4B5B-926F-9C849F44227D}
	EndGlobalSection
EndGlobal
